
Microsoft Visual Studio Solution File, Format Version 12.00
# Visual Studio 15
VisualStudioVersion = 15.0.28307.645
MinimumVisualStudioVersion = 10.0.40219.1
Project("{2150E333-8FDC-42A3-9474-1A3956D46DE8}") = "src", "src", "{131DB8CA-96DF-4063-B1E7-ACF09188C5DD}"
EndProject
Project("{2150E333-8FDC-42A3-9474-1A3956D46DE8}") = "06.web", "06.web", "{46FC4C36-FE1B-465D-BAD0-E7E954BD2F84}"
EndProject
Project("{2150E333-8FDC-42A3-9474-1A3956D46DE8}") = "01.framework", "01.framework", "{AB3D1F36-F7F5-45C6-8686-F5F5962B782B}"
EndProject
Project("{2150E333-8FDC-42A3-9474-1A3956D46DE8}") = "02.app", "02.app", "{DE2736F2-3D89-4B20-BF9B-049DEE71FF9B}"
EndProject
Project("{9A19103F-16F7-4668-BE54-9A1E7A4F7556}") = "Alabo.App.Agent", "src\base\Alabo.App.Agent\Alabo.App.Agent.csproj", "{CDD3C528-C290-4416-9147-DA321BAC98C3}"
EndProject
Project("{9A19103F-16F7-4668-BE54-9A1E7A4F7556}") = "Alabo.App.Asset", "src\base\Alabo.App.Asset\Alabo.App.Asset\Alabo.App.Asset.csproj", "{B0AB0BAA-AA65-4F08-BD02-D911EAFDD3A0}"
EndProject
Project("{9A19103F-16F7-4668-BE54-9A1E7A4F7556}") = "Alabo.App.Share", "src\base\Alabo.App.Share\Alabo.App.Share.csproj", "{52F0A129-DE5E-4105-957A-B2C97D61E8BA}"
EndProject
Project("{2150E333-8FDC-42A3-9474-1A3956D46DE8}") = "07.test", "07.test", "{4EBEA55A-BB69-48A6-9F3F-1703D9942A7B}"
EndProject
Project("{9A19103F-16F7-4668-BE54-9A1E7A4F7556}") = "Alabo.Test", "src\test\Alabo.Test\Alabo.Test.csproj", "{8D98FC66-0C53-4A37-998E-9AC23C20EEB6}"
EndProject
Project("{9A19103F-16F7-4668-BE54-9A1E7A4F7556}") = "Alabo.Web", "src\web\Alabo.Web\Alabo.Web.csproj", "{CEFF81A2-9245-4460-9946-282E1FEDD00A}"
EndProject
Project("{9A19103F-16F7-4668-BE54-9A1E7A4F7556}") = "Alabo.Web.TaskShell", "src\web\Alabo.TaskShell\Alabo.Web.TaskShell.csproj", "{749C77F1-B56D-4FDF-BBEF-7068B206D76C}"
EndProject
Project("{2150E333-8FDC-42A3-9474-1A3956D46DE8}") = "03.industry", "03.industry", "{A88E7ECA-1EC4-4E2F-9E74-CB067C84AF6F}"
EndProject
Project("{9A19103F-16F7-4668-BE54-9A1E7A4F7556}") = "Alabo.App.Cms", "src\industry\Alabo.App.Cms\Alabo.App.Cms.csproj", "{F88CD813-A9D4-487D-8C3B-9A98C0F7EE49}"
EndProject
Project("{9A19103F-16F7-4668-BE54-9A1E7A4F7556}") = "Alabo.App.Shop", "src\industry\Alabo.App.Shop\Alabo.App.Shop.csproj", "{487F4ABF-F2AB-45BB-9D32-6DB22D0F9AA2}"
EndProject
Project("{9A19103F-16F7-4668-BE54-9A1E7A4F7556}") = "Alabo.App.Offline", "src\industry\Alabo.App.Offline\Alabo.App.Offline.csproj", "{F8F40912-B96C-4F68-9FA2-5DC58233E287}"
EndProject
Project("{9A19103F-16F7-4668-BE54-9A1E7A4F7556}") = "Alabo.App.Market", "src\industry\Alabo.App.Market\Alabo.App.Market.csproj", "{B8679DEC-8D31-44E9-B9B4-001FF66407BD}"
EndProject
Project("{9A19103F-16F7-4668-BE54-9A1E7A4F7556}") = "Alabo.App.Job", "src\base\Alabo.App.Job\Alabo.App.Job.csproj", "{F2BDC2D3-0A09-4AA2-8353-0D14C62720CF}"
EndProject
Project("{9A19103F-16F7-4668-BE54-9A1E7A4F7556}") = "Alabo.Test.Cms", "src\test\Alabo.Test.Cms\Alabo.Test.Cms.csproj", "{8328276A-CBA5-48DF-85CA-73FFAB4DCC7B}"
EndProject
Project("{9A19103F-16F7-4668-BE54-9A1E7A4F7556}") = "Alabo.Test.Core", "src\test\Alabo.Test.Core\Alabo.Test.Core.csproj", "{877D480B-31ED-4226-BB03-2236E0603956}"
EndProject
Project("{9A19103F-16F7-4668-BE54-9A1E7A4F7556}") = "Alabo.Test.Open", "src\test\Alabo.Test.Open\Alabo.Test.Open.csproj", "{8E029ED4-A65E-4F81-A2EE-A9B084B4A3F2}"
EndProject
Project("{9A19103F-16F7-4668-BE54-9A1E7A4F7556}") = "Alabo.Test.Shop", "src\test\Alabo.Test.Shop\Alabo.Test.Shop.csproj", "{B28FE48F-B01A-4B9A-833D-DF62BF568ADF}"
EndProject
Project("{9A19103F-16F7-4668-BE54-9A1E7A4F7556}") = "Alabo.App.Weixin", "src\base\Alabo.App.Weixin\Alabo.App.Weixin.csproj", "{D41D65EC-32CD-4E6A-BE84-FF514DDAF478}"
EndProject
Project("{9A19103F-16F7-4668-BE54-9A1E7A4F7556}") = "Alabo.App.Cloud", "src\base\Alabo.App.Cloud\Alabo.App.Cloud.csproj", "{5CC3FA3B-C826-4FCA-8C70-D92C7DE3F7CF}"
EndProject
Project("{FAE04EC0-301F-11D3-BF4B-00C04F79EFBC}") = "Alabo.App.Message", "src\base\Alabo.App.Message\Alabo.App.Message.csproj", "{67A61FB2-84BF-46B3-BC9A-9BBEFC7EF33C}"
EndProject
Project("{2150E333-8FDC-42A3-9474-1A3956D46DE8}") = "05.plugin", "05.plugin", "{88893B6D-E6A5-4347-8D36-1F2FD57DA466}"
EndProject
Project("{9A19103F-16F7-4668-BE54-9A1E7A4F7556}") = "Alabo.Plugin.UserTree", "src\plugin\Alabo.Plugin.UserTree\Alabo.Plugin.UserTree.csproj", "{88CB4FE8-F48F-4ECE-9584-9DF0A31CC576}"
EndProject
Project("{9A19103F-16F7-4668-BE54-9A1E7A4F7556}") = "01-Alabo", "src\framework\Alabo\01-Alabo.csproj", "{86D265D9-1BB5-465D-8838-64C1C9B7836F}"
EndProject
Project("{2150E333-8FDC-42A3-9474-1A3956D46DE8}") = "04.tool", "04.tool", "{FF485353-3506-44D6-BEE4-16154FD3527D}"
EndProject
Project("{2150E333-8FDC-42A3-9474-1A3956D46DE8}") = "solution-items", "solution-items", "{3CA48181-8A4D-47F7-9CBF-C52E996B6493}"
	ProjectSection(SolutionItems) = preProject
		contributing.md = contributing.md
		LICENSE = LICENSE
		README.md = README.md
	EndProjectSection
EndProject
Project("{9A19103F-16F7-4668-BE54-9A1E7A4F7556}") = "03-Alabo.Tool.Office", "src\tool\Alabo.Tool.Office\03-Alabo.Tool.Office.csproj", "{CB405255-F65E-48B0-8E15-5E26993497EF}"
EndProject
Project("{9A19103F-16F7-4668-BE54-9A1E7A4F7556}") = "01-Alabo.Tool.QrCode", "src\tool\Alabo.Tool.QrCode\01-Alabo.Tool.QrCode.csproj", "{74F41808-53CF-4D52-B331-A5614F816FA0}"
EndProject
Project("{9A19103F-16F7-4668-BE54-9A1E7A4F7556}") = "02-Alabo.Tool.Sms", "src\tool\Alabo.Tool.Sms\02-Alabo.Tool.Sms.csproj", "{64F9EA1D-261D-42FA-9670-48B22162CE09}"
EndProject
Project("{9A19103F-16F7-4668-BE54-9A1E7A4F7556}") = "02-Alabo.Core", "src\framework\Alabo.WebApi\02-Alabo.Core.csproj", "{1783649F-59CF-485E-97CA-C6624A374180}"
EndProject
Project("{9A19103F-16F7-4668-BE54-9A1E7A4F7556}") = "01-Alabo.App.Core", "src\app\Alabo.App.Core\01-Alabo.App.Core.csproj", "{06037D33-51C2-4671-8EB9-AA21B9D1A66A}"
EndProject
Project("{FAE04EC0-301F-11D3-BF4B-00C04F79EFBC}") = "04-Alabo.Tool.AMap", "src\tool\04-Alabo.Tool.AMap\04-Alabo.Tool.AMap.csproj", "{E0307C5B-B286-4625-8A22-84A8A75B5917}"
EndProject
Global
	GlobalSection(SolutionConfigurationPlatforms) = preSolution
		Debug|Any CPU = Debug|Any CPU
		Release|Any CPU = Release|Any CPU
	EndGlobalSection
	GlobalSection(ProjectConfigurationPlatforms) = postSolution
		{CDD3C528-C290-4416-9147-DA321BAC98C3}.Debug|Any CPU.ActiveCfg = Debug|Any CPU
		{CDD3C528-C290-4416-9147-DA321BAC98C3}.Debug|Any CPU.Build.0 = Debug|Any CPU
		{CDD3C528-C290-4416-9147-DA321BAC98C3}.Release|Any CPU.ActiveCfg = Release|Any CPU
		{CDD3C528-C290-4416-9147-DA321BAC98C3}.Release|Any CPU.Build.0 = Release|Any CPU
		{B0AB0BAA-AA65-4F08-BD02-D911EAFDD3A0}.Debug|Any CPU.ActiveCfg = Debug|Any CPU
		{B0AB0BAA-AA65-4F08-BD02-D911EAFDD3A0}.Debug|Any CPU.Build.0 = Debug|Any CPU
		{B0AB0BAA-AA65-4F08-BD02-D911EAFDD3A0}.Release|Any CPU.ActiveCfg = Release|Any CPU
		{B0AB0BAA-AA65-4F08-BD02-D911EAFDD3A0}.Release|Any CPU.Build.0 = Release|Any CPU
		{52F0A129-DE5E-4105-957A-B2C97D61E8BA}.Debug|Any CPU.ActiveCfg = Debug|Any CPU
		{52F0A129-DE5E-4105-957A-B2C97D61E8BA}.Debug|Any CPU.Build.0 = Debug|Any CPU
		{52F0A129-DE5E-4105-957A-B2C97D61E8BA}.Release|Any CPU.ActiveCfg = Release|Any CPU
		{52F0A129-DE5E-4105-957A-B2C97D61E8BA}.Release|Any CPU.Build.0 = Release|Any CPU
		{8D98FC66-0C53-4A37-998E-9AC23C20EEB6}.Debug|Any CPU.ActiveCfg = Debug|Any CPU
		{8D98FC66-0C53-4A37-998E-9AC23C20EEB6}.Debug|Any CPU.Build.0 = Debug|Any CPU
		{8D98FC66-0C53-4A37-998E-9AC23C20EEB6}.Release|Any CPU.ActiveCfg = Release|Any CPU
		{8D98FC66-0C53-4A37-998E-9AC23C20EEB6}.Release|Any CPU.Build.0 = Release|Any CPU
		{CEFF81A2-9245-4460-9946-282E1FEDD00A}.Debug|Any CPU.ActiveCfg = Debug|Any CPU
		{CEFF81A2-9245-4460-9946-282E1FEDD00A}.Debug|Any CPU.Build.0 = Debug|Any CPU
		{CEFF81A2-9245-4460-9946-282E1FEDD00A}.Release|Any CPU.ActiveCfg = Release|Any CPU
		{CEFF81A2-9245-4460-9946-282E1FEDD00A}.Release|Any CPU.Build.0 = Release|Any CPU
		{749C77F1-B56D-4FDF-BBEF-7068B206D76C}.Debug|Any CPU.ActiveCfg = Debug|Any CPU
		{749C77F1-B56D-4FDF-BBEF-7068B206D76C}.Debug|Any CPU.Build.0 = Debug|Any CPU
		{749C77F1-B56D-4FDF-BBEF-7068B206D76C}.Release|Any CPU.ActiveCfg = Release|Any CPU
		{749C77F1-B56D-4FDF-BBEF-7068B206D76C}.Release|Any CPU.Build.0 = Release|Any CPU
		{F88CD813-A9D4-487D-8C3B-9A98C0F7EE49}.Debug|Any CPU.ActiveCfg = Debug|Any CPU
		{F88CD813-A9D4-487D-8C3B-9A98C0F7EE49}.Debug|Any CPU.Build.0 = Debug|Any CPU
		{F88CD813-A9D4-487D-8C3B-9A98C0F7EE49}.Release|Any CPU.ActiveCfg = Release|Any CPU
		{F88CD813-A9D4-487D-8C3B-9A98C0F7EE49}.Release|Any CPU.Build.0 = Release|Any CPU
		{487F4ABF-F2AB-45BB-9D32-6DB22D0F9AA2}.Debug|Any CPU.ActiveCfg = Debug|Any CPU
		{487F4ABF-F2AB-45BB-9D32-6DB22D0F9AA2}.Debug|Any CPU.Build.0 = Debug|Any CPU
		{487F4ABF-F2AB-45BB-9D32-6DB22D0F9AA2}.Release|Any CPU.ActiveCfg = Release|Any CPU
		{487F4ABF-F2AB-45BB-9D32-6DB22D0F9AA2}.Release|Any CPU.Build.0 = Release|Any CPU
		{F8F40912-B96C-4F68-9FA2-5DC58233E287}.Debug|Any CPU.ActiveCfg = Debug|Any CPU
		{F8F40912-B96C-4F68-9FA2-5DC58233E287}.Debug|Any CPU.Build.0 = Debug|Any CPU
		{F8F40912-B96C-4F68-9FA2-5DC58233E287}.Release|Any CPU.ActiveCfg = Release|Any CPU
		{F8F40912-B96C-4F68-9FA2-5DC58233E287}.Release|Any CPU.Build.0 = Release|Any CPU
		{B8679DEC-8D31-44E9-B9B4-001FF66407BD}.Debug|Any CPU.ActiveCfg = Debug|Any CPU
		{B8679DEC-8D31-44E9-B9B4-001FF66407BD}.Debug|Any CPU.Build.0 = Debug|Any CPU
		{B8679DEC-8D31-44E9-B9B4-001FF66407BD}.Release|Any CPU.ActiveCfg = Release|Any CPU
		{B8679DEC-8D31-44E9-B9B4-001FF66407BD}.Release|Any CPU.Build.0 = Release|Any CPU
		{F2BDC2D3-0A09-4AA2-8353-0D14C62720CF}.Debug|Any CPU.ActiveCfg = Debug|Any CPU
		{F2BDC2D3-0A09-4AA2-8353-0D14C62720CF}.Debug|Any CPU.Build.0 = Debug|Any CPU
		{F2BDC2D3-0A09-4AA2-8353-0D14C62720CF}.Release|Any CPU.ActiveCfg = Release|Any CPU
		{F2BDC2D3-0A09-4AA2-8353-0D14C62720CF}.Release|Any CPU.Build.0 = Release|Any CPU
		{8328276A-CBA5-48DF-85CA-73FFAB4DCC7B}.Debug|Any CPU.ActiveCfg = Debug|Any CPU
		{8328276A-CBA5-48DF-85CA-73FFAB4DCC7B}.Debug|Any CPU.Build.0 = Debug|Any CPU
		{8328276A-CBA5-48DF-85CA-73FFAB4DCC7B}.Release|Any CPU.ActiveCfg = Release|Any CPU
		{8328276A-CBA5-48DF-85CA-73FFAB4DCC7B}.Release|Any CPU.Build.0 = Release|Any CPU
		{877D480B-31ED-4226-BB03-2236E0603956}.Debug|Any CPU.ActiveCfg = Debug|Any CPU
		{877D480B-31ED-4226-BB03-2236E0603956}.Debug|Any CPU.Build.0 = Debug|Any CPU
		{877D480B-31ED-4226-BB03-2236E0603956}.Release|Any CPU.ActiveCfg = Release|Any CPU
		{877D480B-31ED-4226-BB03-2236E0603956}.Release|Any CPU.Build.0 = Release|Any CPU
		{8E029ED4-A65E-4F81-A2EE-A9B084B4A3F2}.Debug|Any CPU.ActiveCfg = Debug|Any CPU
		{8E029ED4-A65E-4F81-A2EE-A9B084B4A3F2}.Debug|Any CPU.Build.0 = Debug|Any CPU
		{8E029ED4-A65E-4F81-A2EE-A9B084B4A3F2}.Release|Any CPU.ActiveCfg = Release|Any CPU
		{8E029ED4-A65E-4F81-A2EE-A9B084B4A3F2}.Release|Any CPU.Build.0 = Release|Any CPU
		{B28FE48F-B01A-4B9A-833D-DF62BF568ADF}.Debug|Any CPU.ActiveCfg = Debug|Any CPU
		{B28FE48F-B01A-4B9A-833D-DF62BF568ADF}.Debug|Any CPU.Build.0 = Debug|Any CPU
		{B28FE48F-B01A-4B9A-833D-DF62BF568ADF}.Release|Any CPU.ActiveCfg = Release|Any CPU
		{B28FE48F-B01A-4B9A-833D-DF62BF568ADF}.Release|Any CPU.Build.0 = Release|Any CPU
		{D41D65EC-32CD-4E6A-BE84-FF514DDAF478}.Debug|Any CPU.ActiveCfg = Debug|Any CPU
		{D41D65EC-32CD-4E6A-BE84-FF514DDAF478}.Debug|Any CPU.Build.0 = Debug|Any CPU
		{D41D65EC-32CD-4E6A-BE84-FF514DDAF478}.Release|Any CPU.ActiveCfg = Release|Any CPU
		{D41D65EC-32CD-4E6A-BE84-FF514DDAF478}.Release|Any CPU.Build.0 = Release|Any CPU
		{5CC3FA3B-C826-4FCA-8C70-D92C7DE3F7CF}.Debug|Any CPU.ActiveCfg = Debug|Any CPU
		{5CC3FA3B-C826-4FCA-8C70-D92C7DE3F7CF}.Debug|Any CPU.Build.0 = Debug|Any CPU
		{5CC3FA3B-C826-4FCA-8C70-D92C7DE3F7CF}.Release|Any CPU.ActiveCfg = Release|Any CPU
		{5CC3FA3B-C826-4FCA-8C70-D92C7DE3F7CF}.Release|Any CPU.Build.0 = Release|Any CPU
		{67A61FB2-84BF-46B3-BC9A-9BBEFC7EF33C}.Debug|Any CPU.ActiveCfg = Debug|Any CPU
		{67A61FB2-84BF-46B3-BC9A-9BBEFC7EF33C}.Debug|Any CPU.Build.0 = Debug|Any CPU
		{67A61FB2-84BF-46B3-BC9A-9BBEFC7EF33C}.Release|Any CPU.ActiveCfg = Release|Any CPU
		{67A61FB2-84BF-46B3-BC9A-9BBEFC7EF33C}.Release|Any CPU.Build.0 = Release|Any CPU
		{88CB4FE8-F48F-4ECE-9584-9DF0A31CC576}.Debug|Any CPU.ActiveCfg = Debug|Any CPU
		{88CB4FE8-F48F-4ECE-9584-9DF0A31CC576}.Debug|Any CPU.Build.0 = Debug|Any CPU
		{88CB4FE8-F48F-4ECE-9584-9DF0A31CC576}.Release|Any CPU.ActiveCfg = Release|Any CPU
		{88CB4FE8-F48F-4ECE-9584-9DF0A31CC576}.Release|Any CPU.Build.0 = Release|Any CPU
		{86D265D9-1BB5-465D-8838-64C1C9B7836F}.Debug|Any CPU.ActiveCfg = Debug|Any CPU
		{86D265D9-1BB5-465D-8838-64C1C9B7836F}.Debug|Any CPU.Build.0 = Debug|Any CPU
		{86D265D9-1BB5-465D-8838-64C1C9B7836F}.Release|Any CPU.ActiveCfg = Release|Any CPU
		{86D265D9-1BB5-465D-8838-64C1C9B7836F}.Release|Any CPU.Build.0 = Release|Any CPU
		{CB405255-F65E-48B0-8E15-5E26993497EF}.Debug|Any CPU.ActiveCfg = Debug|Any CPU
		{CB405255-F65E-48B0-8E15-5E26993497EF}.Debug|Any CPU.Build.0 = Debug|Any CPU
		{CB405255-F65E-48B0-8E15-5E26993497EF}.Release|Any CPU.ActiveCfg = Release|Any CPU
		{CB405255-F65E-48B0-8E15-5E26993497EF}.Release|Any CPU.Build.0 = Release|Any CPU
		{74F41808-53CF-4D52-B331-A5614F816FA0}.Debug|Any CPU.ActiveCfg = Debug|Any CPU
		{74F41808-53CF-4D52-B331-A5614F816FA0}.Debug|Any CPU.Build.0 = Debug|Any CPU
		{74F41808-53CF-4D52-B331-A5614F816FA0}.Release|Any CPU.ActiveCfg = Release|Any CPU
		{74F41808-53CF-4D52-B331-A5614F816FA0}.Release|Any CPU.Build.0 = Release|Any CPU
		{64F9EA1D-261D-42FA-9670-48B22162CE09}.Debug|Any CPU.ActiveCfg = Debug|Any CPU
		{64F9EA1D-261D-42FA-9670-48B22162CE09}.Debug|Any CPU.Build.0 = Debug|Any CPU
		{64F9EA1D-261D-42FA-9670-48B22162CE09}.Release|Any CPU.ActiveCfg = Release|Any CPU
		{64F9EA1D-261D-42FA-9670-48B22162CE09}.Release|Any CPU.Build.0 = Release|Any CPU
		{1783649F-59CF-485E-97CA-C6624A374180}.Debug|Any CPU.ActiveCfg = Debug|Any CPU
		{1783649F-59CF-485E-97CA-C6624A374180}.Debug|Any CPU.Build.0 = Debug|Any CPU
		{1783649F-59CF-485E-97CA-C6624A374180}.Release|Any CPU.ActiveCfg = Release|Any CPU
		{1783649F-59CF-485E-97CA-C6624A374180}.Release|Any CPU.Build.0 = Release|Any CPU
		{06037D33-51C2-4671-8EB9-AA21B9D1A66A}.Debug|Any CPU.ActiveCfg = Debug|Any CPU
		{06037D33-51C2-4671-8EB9-AA21B9D1A66A}.Debug|Any CPU.Build.0 = Debug|Any CPU
		{06037D33-51C2-4671-8EB9-AA21B9D1A66A}.Release|Any CPU.ActiveCfg = Release|Any CPU
		{06037D33-51C2-4671-8EB9-AA21B9D1A66A}.Release|Any CPU.Build.0 = Release|Any CPU
		{E0307C5B-B286-4625-8A22-84A8A75B5917}.Debug|Any CPU.ActiveCfg = Debug|Any CPU
		{E0307C5B-B286-4625-8A22-84A8A75B5917}.Debug|Any CPU.Build.0 = Debug|Any CPU
		{E0307C5B-B286-4625-8A22-84A8A75B5917}.Release|Any CPU.ActiveCfg = Release|Any CPU
		{E0307C5B-B286-4625-8A22-84A8A75B5917}.Release|Any CPU.Build.0 = Release|Any CPU
	EndGlobalSection
	GlobalSection(SolutionProperties) = preSolution
		HideSolutionNode = FALSE
	EndGlobalSection
	GlobalSection(NestedProjects) = preSolution
		{46FC4C36-FE1B-465D-BAD0-E7E954BD2F84} = {131DB8CA-96DF-4063-B1E7-ACF09188C5DD}
		{AB3D1F36-F7F5-45C6-8686-F5F5962B782B} = {131DB8CA-96DF-4063-B1E7-ACF09188C5DD}
		{DE2736F2-3D89-4B20-BF9B-049DEE71FF9B} = {131DB8CA-96DF-4063-B1E7-ACF09188C5DD}
		{CDD3C528-C290-4416-9147-DA321BAC98C3} = {DE2736F2-3D89-4B20-BF9B-049DEE71FF9B}
		{B0AB0BAA-AA65-4F08-BD02-D911EAFDD3A0} = {DE2736F2-3D89-4B20-BF9B-049DEE71FF9B}
		{52F0A129-DE5E-4105-957A-B2C97D61E8BA} = {DE2736F2-3D89-4B20-BF9B-049DEE71FF9B}
		{4EBEA55A-BB69-48A6-9F3F-1703D9942A7B} = {131DB8CA-96DF-4063-B1E7-ACF09188C5DD}
		{8D98FC66-0C53-4A37-998E-9AC23C20EEB6} = {4EBEA55A-BB69-48A6-9F3F-1703D9942A7B}
		{CEFF81A2-9245-4460-9946-282E1FEDD00A} = {46FC4C36-FE1B-465D-BAD0-E7E954BD2F84}
		{749C77F1-B56D-4FDF-BBEF-7068B206D76C} = {46FC4C36-FE1B-465D-BAD0-E7E954BD2F84}
		{A88E7ECA-1EC4-4E2F-9E74-CB067C84AF6F} = {131DB8CA-96DF-4063-B1E7-ACF09188C5DD}
		{F88CD813-A9D4-487D-8C3B-9A98C0F7EE49} = {A88E7ECA-1EC4-4E2F-9E74-CB067C84AF6F}
		{487F4ABF-F2AB-45BB-9D32-6DB22D0F9AA2} = {A88E7ECA-1EC4-4E2F-9E74-CB067C84AF6F}
		{F8F40912-B96C-4F68-9FA2-5DC58233E287} = {A88E7ECA-1EC4-4E2F-9E74-CB067C84AF6F}
		{B8679DEC-8D31-44E9-B9B4-001FF66407BD} = {A88E7ECA-1EC4-4E2F-9E74-CB067C84AF6F}
		{F2BDC2D3-0A09-4AA2-8353-0D14C62720CF} = {DE2736F2-3D89-4B20-BF9B-049DEE71FF9B}
		{8328276A-CBA5-48DF-85CA-73FFAB4DCC7B} = {4EBEA55A-BB69-48A6-9F3F-1703D9942A7B}
		{877D480B-31ED-4226-BB03-2236E0603956} = {4EBEA55A-BB69-48A6-9F3F-1703D9942A7B}
		{8E029ED4-A65E-4F81-A2EE-A9B084B4A3F2} = {4EBEA55A-BB69-48A6-9F3F-1703D9942A7B}
		{B28FE48F-B01A-4B9A-833D-DF62BF568ADF} = {4EBEA55A-BB69-48A6-9F3F-1703D9942A7B}
		{D41D65EC-32CD-4E6A-BE84-FF514DDAF478} = {DE2736F2-3D89-4B20-BF9B-049DEE71FF9B}
		{5CC3FA3B-C826-4FCA-8C70-D92C7DE3F7CF} = {DE2736F2-3D89-4B20-BF9B-049DEE71FF9B}
		{67A61FB2-84BF-46B3-BC9A-9BBEFC7EF33C} = {DE2736F2-3D89-4B20-BF9B-049DEE71FF9B}
		{88893B6D-E6A5-4347-8D36-1F2FD57DA466} = {131DB8CA-96DF-4063-B1E7-ACF09188C5DD}
		{88CB4FE8-F48F-4ECE-9584-9DF0A31CC576} = {88893B6D-E6A5-4347-8D36-1F2FD57DA466}
		{86D265D9-1BB5-465D-8838-64C1C9B7836F} = {AB3D1F36-F7F5-45C6-8686-F5F5962B782B}
		{FF485353-3506-44D6-BEE4-16154FD3527D} = {131DB8CA-96DF-4063-B1E7-ACF09188C5DD}
		{3CA48181-8A4D-47F7-9CBF-C52E996B6493} = {131DB8CA-96DF-4063-B1E7-ACF09188C5DD}
		{CB405255-F65E-48B0-8E15-5E26993497EF} = {FF485353-3506-44D6-BEE4-16154FD3527D}
		{74F41808-53CF-4D52-B331-A5614F816FA0} = {FF485353-3506-44D6-BEE4-16154FD3527D}
		{64F9EA1D-261D-42FA-9670-48B22162CE09} = {FF485353-3506-44D6-BEE4-16154FD3527D}
		{1783649F-59CF-485E-97CA-C6624A374180} = {AB3D1F36-F7F5-45C6-8686-F5F5962B782B}
		{06037D33-51C2-4671-8EB9-AA21B9D1A66A} = {DE2736F2-3D89-4B20-BF9B-049DEE71FF9B}
		{E0307C5B-B286-4625-8A22-84A8A75B5917} = {FF485353-3506-44D6-BEE4-16154FD3527D}
	EndGlobalSection
	GlobalSection(ExtensibilityGlobals) = postSolution
		SolutionGuid = {A1E90677-FAAA-4BD1-8798-FCFEE91E8323}
	EndGlobalSection
EndGlobal
