
Microsoft Visual Studio Solution File, Format Version 12.00
# Visual Studio 15
VisualStudioVersion = 15.0.28307.645
MinimumVisualStudioVersion = 10.0.40219.1
Project("{2150E333-8FDC-42A3-9474-1A3956D46DE8}") = "src", "src", "{131DB8CA-96DF-4063-B1E7-ACF09188C5DD}"
EndProject
Project("{2150E333-8FDC-42A3-9474-1A3956D46DE8}") = "web", "web", "{46FC4C36-FE1B-465D-BAD0-E7E954BD2F84}"
EndProject
Project("{2150E333-8FDC-42A3-9474-1A3956D46DE8}") = "core", "core", "{AB3D1F36-F7F5-45C6-8686-F5F5962B782B}"
EndProject
Project("{9A19103F-16F7-4668-BE54-9A1E7A4F7556}") = "ZKCloud.Web", "src\web\ZKCloud.Web\ZKCloud.Web.csproj", "{F1F43B77-46C0-43B0-841F-E52AA57EA29B}"
EndProject
Project("{9A19103F-16F7-4668-BE54-9A1E7A4F7556}") = "ZKCloud.Web.TaskShell", "src\web\ZKCloud.Web.TaskShell\ZKCloud.Web.TaskShell.csproj", "{60EC1856-2EBF-48DF-95FE-D5B6B4BDA0A4}"
EndProject
Project("{9A19103F-16F7-4668-BE54-9A1E7A4F7556}") = "Alabo", "src\core\Alabo\Alabo.csproj", "{86D265D9-1BB5-465D-8838-64C1C9B7836F}"
EndProject
Project("{9A19103F-16F7-4668-BE54-9A1E7A4F7556}") = "Alabo.Core", "src\core\Alabo.Core\Alabo.Core.csproj", "{B58040E4-726C-44B4-88F7-3AF093AC832A}"
EndProject
Project("{2150E333-8FDC-42A3-9474-1A3956D46DE8}") = "base", "base", "{DE2736F2-3D89-4B20-BF9B-049DEE71FF9B}"
EndProject
Project("{9A19103F-16F7-4668-BE54-9A1E7A4F7556}") = "Alabo.App.Core", "src\base\Alabo.App.Core\Alabo.App.Core.csproj", "{A6C2EDC7-1E2C-4AFB-A58F-4D648C8A4A67}"
EndProject
Project("{9A19103F-16F7-4668-BE54-9A1E7A4F7556}") = "Alabo.App.Agent", "src\base\Alabo.App.Agent\Alabo.App.Agent.csproj", "{CDD3C528-C290-4416-9147-DA321BAC98C3}"
EndProject
Project("{9A19103F-16F7-4668-BE54-9A1E7A4F7556}") = "Alabo.App.Asset", "src\base\Alabo.App.Asset\Alabo.App.Asset\Alabo.App.Asset.csproj", "{B0AB0BAA-AA65-4F08-BD02-D911EAFDD3A0}"
EndProject
Project("{9A19103F-16F7-4668-BE54-9A1E7A4F7556}") = "Alabo.App.Share", "src\base\Alabo.App.Share\Alabo.App.Share.csproj", "{52F0A129-DE5E-4105-957A-B2C97D61E8BA}"
EndProject
Project("{9A19103F-16F7-4668-BE54-9A1E7A4F7556}") = "Alabo.App.Task", "src\base\Alabo.App.Task\Alabo.App.Task.csproj", "{653FD4D6-C168-4A2F-BA50-3E838EDFF3D7}"
EndProject
Project("{2150E333-8FDC-42A3-9474-1A3956D46DE8}") = "test", "test", "{4EBEA55A-BB69-48A6-9F3F-1703D9942A7B}"
EndProject
Project("{9A19103F-16F7-4668-BE54-9A1E7A4F7556}") = "Alabo.Test", "src\test\Alabo.Test\Alabo.Test.csproj", "{8D98FC66-0C53-4A37-998E-9AC23C20EEB6}"
EndProject
Global
	GlobalSection(SolutionConfigurationPlatforms) = preSolution
		Debug|Any CPU = Debug|Any CPU
		Release|Any CPU = Release|Any CPU
	EndGlobalSection
	GlobalSection(ProjectConfigurationPlatforms) = postSolution
		{F1F43B77-46C0-43B0-841F-E52AA57EA29B}.Debug|Any CPU.ActiveCfg = Debug|Any CPU
		{F1F43B77-46C0-43B0-841F-E52AA57EA29B}.Debug|Any CPU.Build.0 = Debug|Any CPU
		{F1F43B77-46C0-43B0-841F-E52AA57EA29B}.Release|Any CPU.ActiveCfg = Release|Any CPU
		{F1F43B77-46C0-43B0-841F-E52AA57EA29B}.Release|Any CPU.Build.0 = Release|Any CPU
		{60EC1856-2EBF-48DF-95FE-D5B6B4BDA0A4}.Debug|Any CPU.ActiveCfg = Debug|Any CPU
		{60EC1856-2EBF-48DF-95FE-D5B6B4BDA0A4}.Debug|Any CPU.Build.0 = Debug|Any CPU
		{60EC1856-2EBF-48DF-95FE-D5B6B4BDA0A4}.Release|Any CPU.ActiveCfg = Release|Any CPU
		{60EC1856-2EBF-48DF-95FE-D5B6B4BDA0A4}.Release|Any CPU.Build.0 = Release|Any CPU
		{86D265D9-1BB5-465D-8838-64C1C9B7836F}.Debug|Any CPU.ActiveCfg = Debug|Any CPU
		{86D265D9-1BB5-465D-8838-64C1C9B7836F}.Debug|Any CPU.Build.0 = Debug|Any CPU
		{86D265D9-1BB5-465D-8838-64C1C9B7836F}.Release|Any CPU.ActiveCfg = Release|Any CPU
		{86D265D9-1BB5-465D-8838-64C1C9B7836F}.Release|Any CPU.Build.0 = Release|Any CPU
		{B58040E4-726C-44B4-88F7-3AF093AC832A}.Debug|Any CPU.ActiveCfg = Debug|Any CPU
		{B58040E4-726C-44B4-88F7-3AF093AC832A}.Debug|Any CPU.Build.0 = Debug|Any CPU
		{B58040E4-726C-44B4-88F7-3AF093AC832A}.Release|Any CPU.ActiveCfg = Release|Any CPU
		{B58040E4-726C-44B4-88F7-3AF093AC832A}.Release|Any CPU.Build.0 = Release|Any CPU
		{A6C2EDC7-1E2C-4AFB-A58F-4D648C8A4A67}.Debug|Any CPU.ActiveCfg = Debug|Any CPU
		{A6C2EDC7-1E2C-4AFB-A58F-4D648C8A4A67}.Debug|Any CPU.Build.0 = Debug|Any CPU
		{A6C2EDC7-1E2C-4AFB-A58F-4D648C8A4A67}.Release|Any CPU.ActiveCfg = Release|Any CPU
		{A6C2EDC7-1E2C-4AFB-A58F-4D648C8A4A67}.Release|Any CPU.Build.0 = Release|Any CPU
		{CDD3C528-C290-4416-9147-DA321BAC98C3}.Debug|Any CPU.ActiveCfg = Debug|Any CPU
		{CDD3C528-C290-4416-9147-DA321BAC98C3}.Debug|Any CPU.Build.0 = Debug|Any CPU
		{CDD3C528-C290-4416-9147-DA321BAC98C3}.Release|Any CPU.ActiveCfg = Release|Any CPU
		{CDD3C528-C290-4416-9147-DA321BAC98C3}.Release|Any CPU.Build.0 = Release|Any CPU
		{B0AB0BAA-AA65-4F08-BD02-D911EAFDD3A0}.Debug|Any CPU.ActiveCfg = Debug|Any CPU
		{B0AB0BAA-AA65-4F08-BD02-D911EAFDD3A0}.Debug|Any CPU.Build.0 = Debug|Any CPU
		{B0AB0BAA-AA65-4F08-BD02-D911EAFDD3A0}.Release|Any CPU.ActiveCfg = Release|Any CPU
		{B0AB0BAA-AA65-4F08-BD02-D911EAFDD3A0}.Release|Any CPU.Build.0 = Release|Any CPU
		{52F0A129-DE5E-4105-957A-B2C97D61E8BA}.Debug|Any CPU.ActiveCfg = Debug|Any CPU
		{52F0A129-DE5E-4105-957A-B2C97D61E8BA}.Debug|Any CPU.Build.0 = Debug|Any CPU
		{52F0A129-DE5E-4105-957A-B2C97D61E8BA}.Release|Any CPU.ActiveCfg = Release|Any CPU
		{52F0A129-DE5E-4105-957A-B2C97D61E8BA}.Release|Any CPU.Build.0 = Release|Any CPU
		{653FD4D6-C168-4A2F-BA50-3E838EDFF3D7}.Debug|Any CPU.ActiveCfg = Debug|Any CPU
		{653FD4D6-C168-4A2F-BA50-3E838EDFF3D7}.Debug|Any CPU.Build.0 = Debug|Any CPU
		{653FD4D6-C168-4A2F-BA50-3E838EDFF3D7}.Release|Any CPU.ActiveCfg = Release|Any CPU
		{653FD4D6-C168-4A2F-BA50-3E838EDFF3D7}.Release|Any CPU.Build.0 = Release|Any CPU
		{8D98FC66-0C53-4A37-998E-9AC23C20EEB6}.Debug|Any CPU.ActiveCfg = Debug|Any CPU
		{8D98FC66-0C53-4A37-998E-9AC23C20EEB6}.Debug|Any CPU.Build.0 = Debug|Any CPU
		{8D98FC66-0C53-4A37-998E-9AC23C20EEB6}.Release|Any CPU.ActiveCfg = Release|Any CPU
		{8D98FC66-0C53-4A37-998E-9AC23C20EEB6}.Release|Any CPU.Build.0 = Release|Any CPU
	EndGlobalSection
	GlobalSection(SolutionProperties) = preSolution
		HideSolutionNode = FALSE
	EndGlobalSection
	GlobalSection(NestedProjects) = preSolution
		{46FC4C36-FE1B-465D-BAD0-E7E954BD2F84} = {131DB8CA-96DF-4063-B1E7-ACF09188C5DD}
		{AB3D1F36-F7F5-45C6-8686-F5F5962B782B} = {131DB8CA-96DF-4063-B1E7-ACF09188C5DD}
		{F1F43B77-46C0-43B0-841F-E52AA57EA29B} = {46FC4C36-FE1B-465D-BAD0-E7E954BD2F84}
		{60EC1856-2EBF-48DF-95FE-D5B6B4BDA0A4} = {46FC4C36-FE1B-465D-BAD0-E7E954BD2F84}
		{86D265D9-1BB5-465D-8838-64C1C9B7836F} = {AB3D1F36-F7F5-45C6-8686-F5F5962B782B}
		{B58040E4-726C-44B4-88F7-3AF093AC832A} = {AB3D1F36-F7F5-45C6-8686-F5F5962B782B}
		{DE2736F2-3D89-4B20-BF9B-049DEE71FF9B} = {131DB8CA-96DF-4063-B1E7-ACF09188C5DD}
		{A6C2EDC7-1E2C-4AFB-A58F-4D648C8A4A67} = {DE2736F2-3D89-4B20-BF9B-049DEE71FF9B}
		{CDD3C528-C290-4416-9147-DA321BAC98C3} = {DE2736F2-3D89-4B20-BF9B-049DEE71FF9B}
		{B0AB0BAA-AA65-4F08-BD02-D911EAFDD3A0} = {DE2736F2-3D89-4B20-BF9B-049DEE71FF9B}
		{52F0A129-DE5E-4105-957A-B2C97D61E8BA} = {DE2736F2-3D89-4B20-BF9B-049DEE71FF9B}
		{653FD4D6-C168-4A2F-BA50-3E838EDFF3D7} = {DE2736F2-3D89-4B20-BF9B-049DEE71FF9B}
		{4EBEA55A-BB69-48A6-9F3F-1703D9942A7B} = {131DB8CA-96DF-4063-B1E7-ACF09188C5DD}
		{8D98FC66-0C53-4A37-998E-9AC23C20EEB6} = {4EBEA55A-BB69-48A6-9F3F-1703D9942A7B}
	EndGlobalSection
	GlobalSection(ExtensibilityGlobals) = postSolution
		SolutionGuid = {A1E90677-FAAA-4BD1-8798-FCFEE91E8323}
	EndGlobalSection
EndGlobal
