
Microsoft Visual Studio Solution File, Format Version 12.00
# Visual Studio 15
VisualStudioVersion = 15.0.28307.645
MinimumVisualStudioVersion = 10.0.40219.1
Project("{2150E333-8FDC-42A3-9474-1A3956D46DE8}") = "src", "src", "{131DB8CA-96DF-4063-B1E7-ACF09188C5DD}"
EndProject
Project("{2150E333-8FDC-42A3-9474-1A3956D46DE8}") = "08.web", "08.web", "{46FC4C36-FE1B-465D-BAD0-E7E954BD2F84}"
EndProject
Project("{2150E333-8FDC-42A3-9474-1A3956D46DE8}") = "01.framework", "01.framework", "{AB3D1F36-F7F5-45C6-8686-F5F5962B782B}"
EndProject
Project("{2150E333-8FDC-42A3-9474-1A3956D46DE8}") = "02.data", "02.data", "{DE2736F2-3D89-4B20-BF9B-049DEE71FF9B}"
EndProject
Project("{2150E333-8FDC-42A3-9474-1A3956D46DE8}") = "07.test", "07.test", "{4EBEA55A-BB69-48A6-9F3F-1703D9942A7B}"
EndProject
Project("{2150E333-8FDC-42A3-9474-1A3956D46DE8}") = "04.industry", "04.industry", "{A88E7ECA-1EC4-4E2F-9E74-CB067C84AF6F}"
EndProject
Project("{2150E333-8FDC-42A3-9474-1A3956D46DE8}") = "05.cloud", "05.cloud", "{88893B6D-E6A5-4347-8D36-1F2FD57DA466}"
EndProject
Project("{2150E333-8FDC-42A3-9474-1A3956D46DE8}") = "solution-items", "solution-items", "{3CA48181-8A4D-47F7-9CBF-C52E996B6493}"
	ProjectSection(SolutionItems) = preProject
		contributing.md = contributing.md
		LICENSE = LICENSE
		README.md = README.md
	EndProjectSection
EndProject
Project("{2150E333-8FDC-42A3-9474-1A3956D46DE8}") = "03.app", "03.app", "{78B783FE-A75F-435B-9C34-64D875B74923}"
EndProject
Project("{9A19103F-16F7-4668-BE54-9A1E7A4F7556}") = "01-Alabo", "src\01.framework\01-Alabo\01-Alabo.csproj", "{86D265D9-1BB5-465D-8838-64C1C9B7836F}"
EndProject
Project("{9A19103F-16F7-4668-BE54-9A1E7A4F7556}") = "02-Alabo.Framework.Core", "src\01.framework\02-Alabo.Framework.Core\02-Alabo.Framework.Core.csproj", "{81BD0C56-3494-4A7D-A13C-6BE12844A9F2}"
EndProject
Project("{9A19103F-16F7-4668-BE54-9A1E7A4F7556}") = "03-Alabo.Framework.Basic", "src\01.framework\03-Alabo.Framework.Basic\03-Alabo.Framework.Basic.csproj", "{9E3E7645-60EA-442F-B7B9-812DFB170AE4}"
EndProject
Project("{2150E333-8FDC-42A3-9474-1A3956D46DE8}") = "06.tool", "06.tool", "{1768DF6A-E58B-4A8C-8D4D-9504C40238CE}"
EndProject
Project("{9A19103F-16F7-4668-BE54-9A1E7A4F7556}") = "05-Alabo.Tool.Payment", "src\06.tool\01-Alabo.Tool.Payment\05-Alabo.Tool.Payment.csproj", "{76D55872-530D-45CB-A74E-800C04E9AF4D}"
EndProject
Project("{9A19103F-16F7-4668-BE54-9A1E7A4F7556}") = "06-Alabo.Tool.WeiXin", "src\06.tool\02-Alabo.Tool.WeiXin\06-Alabo.Tool.WeiXin.csproj", "{B944796C-2823-430D-8EBF-79BFCE4D1B10}"
EndProject
Project("{9A19103F-16F7-4668-BE54-9A1E7A4F7556}") = "02-Alabo.Tool.Sms", "src\06.tool\03-Alabo.Tool.Sms\02-Alabo.Tool.Sms.csproj", "{5034E95F-3781-400E-BA69-76110725B845}"
EndProject
Project("{9A19103F-16F7-4668-BE54-9A1E7A4F7556}") = "04-Alabo.Tool.AMap", "src\06.tool\04-Alabo.Tool.AMap\04-Alabo.Tool.AMap.csproj", "{16C351EC-DFB8-4C55-A5B2-49ACB33F9427}"
EndProject
Project("{9A19103F-16F7-4668-BE54-9A1E7A4F7556}") = "03-Alabo.Tool.Office", "src\06.tool\05-Alabo.Tool.Office\03-Alabo.Tool.Office.csproj", "{48C9ABEE-BB24-42C9-B5D6-B14D377571CB}"
EndProject
Project("{9A19103F-16F7-4668-BE54-9A1E7A4F7556}") = "01-Alabo.Tool.QrCode", "src\06.tool\06-Alabo.Tool.QrCode\01-Alabo.Tool.QrCode.csproj", "{8ED4ABD7-55A1-4AAC-BD0A-A2C070726FB9}"
EndProject
Project("{9A19103F-16F7-4668-BE54-9A1E7A4F7556}") = "04-Alabo.Framework.Reports", "src\01.framework\04-Alabo.Framework.Reports\04-Alabo.Framework.Reports.csproj", "{814AB9D3-8225-455F-8B34-B77C43AF91B6}"
EndProject
Project("{9A19103F-16F7-4668-BE54-9A1E7A4F7556}") = "05-Alabo.Framework.Themes", "src\01.framework\05-Alabo.Framework.Themes\05-Alabo.Framework.Themes.csproj", "{3B48B1B7-37FF-4337-9F2C-82B4598C0522}"
EndProject
Project("{9A19103F-16F7-4668-BE54-9A1E7A4F7556}") = "03-Alabo.Data.Things", "src\02.data\03-Alabo.Data.Things\03-Alabo.Data.Things.csproj", "{FDE7572B-1D61-4180-958D-38956A6C07A8}"
EndProject
Project("{9A19103F-16F7-4668-BE54-9A1E7A4F7556}") = "02-Alabo.Data.Asset", "src\02.data\02-Alabo.Data.Asset\02-Alabo.Data.Asset.csproj", "{810D8326-B073-481F-8F8E-CBD0A9D3FCA7}"
EndProject
Project("{9A19103F-16F7-4668-BE54-9A1E7A4F7556}") = "01-Alabo.Data.People", "src\02.data\01-Alabo.Data.People\01-Alabo.Data.People.csproj", "{F23A4443-FD03-4624-8522-795137D1E762}"
EndProject
Project("{9A19103F-16F7-4668-BE54-9A1E7A4F7556}") = "06-Alabo.Framework.Tasks", "src\01.framework\06-Alabo.Framework.Tasks\06-Alabo.Framework.Tasks.csproj", "{4D763CA5-5F9D-4491-A99E-6D927A1FB29B}"
EndProject
Project("{9A19103F-16F7-4668-BE54-9A1E7A4F7556}") = "01-Alabo.Cloud.Core", "src\05.cloud\01-Alabo.Cloud.Core\01-Alabo.Cloud.Core.csproj", "{DF4D0BAB-47B7-48DE-AF59-DA090C64EF97}"
EndProject
Project("{9A19103F-16F7-4668-BE54-9A1E7A4F7556}") = "01-Alabo.App.Share", "src\03.app\01-Alabo.App.Share\01-Alabo.App.Share.csproj", "{9D871BAA-836F-47E7-9BFE-645EEFAB6E7A}"
EndProject
Project("{9A19103F-16F7-4668-BE54-9A1E7A4F7556}") = "02-Alabo.App.Kpis", "src\03.app\02-Alabo.App.Kpi\02-Alabo.App.Kpis.csproj", "{D3316663-C4AE-446D-B045-1DBFAB6522B2}"
EndProject
Project("{9A19103F-16F7-4668-BE54-9A1E7A4F7556}") = "01-Alabo.Test", "src\07.test\01-Alabo.Test\01-Alabo.Test.csproj", "{3A13AC78-92D2-4142-A232-168F6548F08E}"
EndProject
Project("{9A19103F-16F7-4668-BE54-9A1E7A4F7556}") = "01-Alabo.Industry.Cms", "src\04.industry\01-Alabo.Industry.Cms\01-Alabo.Industry.Cms.csproj", "{B6553966-4B40-475E-8BE1-00C58A899352}"
EndProject
Project("{9A19103F-16F7-4668-BE54-9A1E7A4F7556}") = "10-Alabo.Cloud.Support", "src\05.cloud\10-Alabo.Cloud.Support\10-Alabo.Cloud.Support.csproj", "{1ED47B59-7A19-4647-9740-6BF8347B3B2A}"
EndProject
Project("{9A19103F-16F7-4668-BE54-9A1E7A4F7556}") = "01-Alabo.Web", "src\08.web\01-Alabo.Web\01-Alabo.Web.csproj", "{961C97C9-ADC1-4C5A-83A4-45F1C1478B8F}"
EndProject
Project("{9A19103F-16F7-4668-BE54-9A1E7A4F7556}") = "02-Alabo.Web.TaskShell", "src\08.web\02-Alabo.TaskShell\02-Alabo.Web.TaskShell.csproj", "{7D106539-6137-44B8-99A5-BA88055172C3}"
EndProject
Project("{9A19103F-16F7-4668-BE54-9A1E7A4F7556}") = "02-Alabo.Industry.Shop", "src\04.industry\02-Alabo.Industry.Shop\02-Alabo.Industry.Shop.csproj", "{502EE411-C10F-45F3-AC9D-BCBA8DAE96A8}"
EndProject
Project("{9A19103F-16F7-4668-BE54-9A1E7A4F7556}") = "03-Alabo.Web.CodeGeneration", "src\08.web\03-Alabo.Web.CodeGeneration\03-Alabo.Web.CodeGeneration.csproj", "{68F7F034-7FBC-44C1-8E95-59460DBE1DA3}"
EndProject
Project("{9A19103F-16F7-4668-BE54-9A1E7A4F7556}") = "02-Alabo.Cloud.People", "src\05.cloud\02-Alabo.Cloud.People\02-Alabo.Cloud.People.csproj", "{63B0EE30-4BD5-4790-B561-A42709BF69FD}"
EndProject
Project("{9A19103F-16F7-4668-BE54-9A1E7A4F7556}") = "11-Alabo.Cloud.Contracts", "src\05.cloud\11-Alabo.Cloud.Contracts\11-Alabo.Cloud.Contracts.csproj", "{427F6033-4138-4C4D-94D0-5AA6BF0B14D4}"
EndProject
Project("{9A19103F-16F7-4668-BE54-9A1E7A4F7556}") = "03-Alabo.Cloud.Asset", "src\05.cloud\03-Alabo.Cloud.Asset\03-Alabo.Cloud.Asset.csproj", "{5FBB0907-B8D2-4852-8714-51C72027F400}"
EndProject
Project("{9A19103F-16F7-4668-BE54-9A1E7A4F7556}") = "04-Alabo.Cloud.Things", "src\05.cloud\04-Alabo.Cloud.Things\04-Alabo.Cloud.Things.csproj", "{9DA7D432-49EC-4F00-857E-D6CE8AD8B04E}"
EndProject
Project("{9A19103F-16F7-4668-BE54-9A1E7A4F7556}") = "07-Alabo.Cloud.Shop", "src\05.cloud\07-Alabo.Cloud.Shop\07-Alabo.Cloud.Shop.csproj", "{34E55214-D9AC-4596-9308-2289C5EDF205}"
EndProject
Project("{9A19103F-16F7-4668-BE54-9A1E7A4F7556}") = "05-Alabo.Cloud.Share", "src\05.cloud\05-Alabo.Cloud.Share\05-Alabo.Cloud.Share.csproj", "{EDC09F9A-FA5A-4B1E-9306-04F7D7B7737F}"
EndProject
Project("{9A19103F-16F7-4668-BE54-9A1E7A4F7556}") = "03-Alabo.Industry.Offline", "src\04.industry\02-Alabo.Industry.Offline\03-Alabo.Industry.Offline.csproj", "{D56D1816-F480-405F-8B44-E8E3177DFF6C}"
EndProject
Project("{9A19103F-16F7-4668-BE54-9A1E7A4F7556}") = "08-Alabo.Cloud.Hudong", "src\05.cloud\08-Alabo.Cloud.Hudong\08-Alabo.Cloud.Hudong.csproj", "{9A050A50-4F55-49E0-98FB-F0093265D07C}"
EndProject
Project("{9A19103F-16F7-4668-BE54-9A1E7A4F7556}") = "Alabo.Test.Core", "src\07.test\02-Alabo.Test.Core\Alabo.Test.Core.csproj", "{EF79D8FE-1780-465D-85B5-8DFA51D1C778}"
EndProject
Project("{9A19103F-16F7-4668-BE54-9A1E7A4F7556}") = "Alabo.Test.Shop", "src\07.test\Alabo.Test.Shop\Alabo.Test.Shop.csproj", "{E3C8CB45-949A-4E56-AD4E-2CA8923F406F}"
EndProject
Project("{9A19103F-16F7-4668-BE54-9A1E7A4F7556}") = "Alabo.Test.Open", "src\07.test\Alabo.Test.Open\Alabo.Test.Open.csproj", "{FD97C961-7D7D-4844-BAD8-996787F6DE6F}"
EndProject
Project("{9A19103F-16F7-4668-BE54-9A1E7A4F7556}") = "Alabo.Test.Cms", "src\07.test\Alabo.Test.Cms\Alabo.Test.Cms.csproj", "{C93E103B-C564-45E2-8AB2-A773E10C41EF}"
EndProject
Project("{FAE04EC0-301F-11D3-BF4B-00C04F79EFBC}") = "09.Alabo.Cloud.Cms", "src\05.cloud\09.Alabo.Cloud.Cms\09.Alabo.Cloud.Cms.csproj", "{58601055-467A-40AC-84EA-650671844518}"
EndProject
Project("{FAE04EC0-301F-11D3-BF4B-00C04F79EFBC}") = "12.Alabo.Cloud.School", "12.Alabo.Cloud.School\12.Alabo.Cloud.School.csproj", "{5E5F5C5A-0B32-4464-A09C-59E478B4F8FA}"
EndProject
Global
	GlobalSection(SolutionConfigurationPlatforms) = preSolution
		Debug|Any CPU = Debug|Any CPU
		Release|Any CPU = Release|Any CPU
	EndGlobalSection
	GlobalSection(ProjectConfigurationPlatforms) = postSolution
		{86D265D9-1BB5-465D-8838-64C1C9B7836F}.Debug|Any CPU.ActiveCfg = Debug|Any CPU
		{86D265D9-1BB5-465D-8838-64C1C9B7836F}.Debug|Any CPU.Build.0 = Debug|Any CPU
		{86D265D9-1BB5-465D-8838-64C1C9B7836F}.Release|Any CPU.ActiveCfg = Release|Any CPU
		{86D265D9-1BB5-465D-8838-64C1C9B7836F}.Release|Any CPU.Build.0 = Release|Any CPU
		{81BD0C56-3494-4A7D-A13C-6BE12844A9F2}.Debug|Any CPU.ActiveCfg = Debug|Any CPU
		{81BD0C56-3494-4A7D-A13C-6BE12844A9F2}.Debug|Any CPU.Build.0 = Debug|Any CPU
		{81BD0C56-3494-4A7D-A13C-6BE12844A9F2}.Release|Any CPU.ActiveCfg = Release|Any CPU
		{81BD0C56-3494-4A7D-A13C-6BE12844A9F2}.Release|Any CPU.Build.0 = Release|Any CPU
		{9E3E7645-60EA-442F-B7B9-812DFB170AE4}.Debug|Any CPU.ActiveCfg = Debug|Any CPU
		{9E3E7645-60EA-442F-B7B9-812DFB170AE4}.Debug|Any CPU.Build.0 = Debug|Any CPU
		{9E3E7645-60EA-442F-B7B9-812DFB170AE4}.Release|Any CPU.ActiveCfg = Release|Any CPU
		{9E3E7645-60EA-442F-B7B9-812DFB170AE4}.Release|Any CPU.Build.0 = Release|Any CPU
		{76D55872-530D-45CB-A74E-800C04E9AF4D}.Debug|Any CPU.ActiveCfg = Debug|Any CPU
		{76D55872-530D-45CB-A74E-800C04E9AF4D}.Debug|Any CPU.Build.0 = Debug|Any CPU
		{76D55872-530D-45CB-A74E-800C04E9AF4D}.Release|Any CPU.ActiveCfg = Release|Any CPU
		{76D55872-530D-45CB-A74E-800C04E9AF4D}.Release|Any CPU.Build.0 = Release|Any CPU
		{B944796C-2823-430D-8EBF-79BFCE4D1B10}.Debug|Any CPU.ActiveCfg = Debug|Any CPU
		{B944796C-2823-430D-8EBF-79BFCE4D1B10}.Debug|Any CPU.Build.0 = Debug|Any CPU
		{B944796C-2823-430D-8EBF-79BFCE4D1B10}.Release|Any CPU.ActiveCfg = Release|Any CPU
		{B944796C-2823-430D-8EBF-79BFCE4D1B10}.Release|Any CPU.Build.0 = Release|Any CPU
		{5034E95F-3781-400E-BA69-76110725B845}.Debug|Any CPU.ActiveCfg = Debug|Any CPU
		{5034E95F-3781-400E-BA69-76110725B845}.Debug|Any CPU.Build.0 = Debug|Any CPU
		{5034E95F-3781-400E-BA69-76110725B845}.Release|Any CPU.ActiveCfg = Release|Any CPU
		{5034E95F-3781-400E-BA69-76110725B845}.Release|Any CPU.Build.0 = Release|Any CPU
		{16C351EC-DFB8-4C55-A5B2-49ACB33F9427}.Debug|Any CPU.ActiveCfg = Debug|Any CPU
		{16C351EC-DFB8-4C55-A5B2-49ACB33F9427}.Debug|Any CPU.Build.0 = Debug|Any CPU
		{16C351EC-DFB8-4C55-A5B2-49ACB33F9427}.Release|Any CPU.ActiveCfg = Release|Any CPU
		{16C351EC-DFB8-4C55-A5B2-49ACB33F9427}.Release|Any CPU.Build.0 = Release|Any CPU
		{48C9ABEE-BB24-42C9-B5D6-B14D377571CB}.Debug|Any CPU.ActiveCfg = Debug|Any CPU
		{48C9ABEE-BB24-42C9-B5D6-B14D377571CB}.Debug|Any CPU.Build.0 = Debug|Any CPU
		{48C9ABEE-BB24-42C9-B5D6-B14D377571CB}.Release|Any CPU.ActiveCfg = Release|Any CPU
		{48C9ABEE-BB24-42C9-B5D6-B14D377571CB}.Release|Any CPU.Build.0 = Release|Any CPU
		{8ED4ABD7-55A1-4AAC-BD0A-A2C070726FB9}.Debug|Any CPU.ActiveCfg = Debug|Any CPU
		{8ED4ABD7-55A1-4AAC-BD0A-A2C070726FB9}.Debug|Any CPU.Build.0 = Debug|Any CPU
		{8ED4ABD7-55A1-4AAC-BD0A-A2C070726FB9}.Release|Any CPU.ActiveCfg = Release|Any CPU
		{8ED4ABD7-55A1-4AAC-BD0A-A2C070726FB9}.Release|Any CPU.Build.0 = Release|Any CPU
		{814AB9D3-8225-455F-8B34-B77C43AF91B6}.Debug|Any CPU.ActiveCfg = Debug|Any CPU
		{814AB9D3-8225-455F-8B34-B77C43AF91B6}.Debug|Any CPU.Build.0 = Debug|Any CPU
		{814AB9D3-8225-455F-8B34-B77C43AF91B6}.Release|Any CPU.ActiveCfg = Release|Any CPU
		{814AB9D3-8225-455F-8B34-B77C43AF91B6}.Release|Any CPU.Build.0 = Release|Any CPU
		{3B48B1B7-37FF-4337-9F2C-82B4598C0522}.Debug|Any CPU.ActiveCfg = Debug|Any CPU
		{3B48B1B7-37FF-4337-9F2C-82B4598C0522}.Debug|Any CPU.Build.0 = Debug|Any CPU
		{3B48B1B7-37FF-4337-9F2C-82B4598C0522}.Release|Any CPU.ActiveCfg = Release|Any CPU
		{3B48B1B7-37FF-4337-9F2C-82B4598C0522}.Release|Any CPU.Build.0 = Release|Any CPU
		{FDE7572B-1D61-4180-958D-38956A6C07A8}.Debug|Any CPU.ActiveCfg = Debug|Any CPU
		{FDE7572B-1D61-4180-958D-38956A6C07A8}.Debug|Any CPU.Build.0 = Debug|Any CPU
		{FDE7572B-1D61-4180-958D-38956A6C07A8}.Release|Any CPU.ActiveCfg = Release|Any CPU
		{FDE7572B-1D61-4180-958D-38956A6C07A8}.Release|Any CPU.Build.0 = Release|Any CPU
		{810D8326-B073-481F-8F8E-CBD0A9D3FCA7}.Debug|Any CPU.ActiveCfg = Debug|Any CPU
		{810D8326-B073-481F-8F8E-CBD0A9D3FCA7}.Debug|Any CPU.Build.0 = Debug|Any CPU
		{810D8326-B073-481F-8F8E-CBD0A9D3FCA7}.Release|Any CPU.ActiveCfg = Release|Any CPU
		{810D8326-B073-481F-8F8E-CBD0A9D3FCA7}.Release|Any CPU.Build.0 = Release|Any CPU
		{F23A4443-FD03-4624-8522-795137D1E762}.Debug|Any CPU.ActiveCfg = Debug|Any CPU
		{F23A4443-FD03-4624-8522-795137D1E762}.Debug|Any CPU.Build.0 = Debug|Any CPU
		{F23A4443-FD03-4624-8522-795137D1E762}.Release|Any CPU.ActiveCfg = Release|Any CPU
		{F23A4443-FD03-4624-8522-795137D1E762}.Release|Any CPU.Build.0 = Release|Any CPU
		{4D763CA5-5F9D-4491-A99E-6D927A1FB29B}.Debug|Any CPU.ActiveCfg = Debug|Any CPU
		{4D763CA5-5F9D-4491-A99E-6D927A1FB29B}.Debug|Any CPU.Build.0 = Debug|Any CPU
		{4D763CA5-5F9D-4491-A99E-6D927A1FB29B}.Release|Any CPU.ActiveCfg = Release|Any CPU
		{4D763CA5-5F9D-4491-A99E-6D927A1FB29B}.Release|Any CPU.Build.0 = Release|Any CPU
		{DF4D0BAB-47B7-48DE-AF59-DA090C64EF97}.Debug|Any CPU.ActiveCfg = Debug|Any CPU
		{DF4D0BAB-47B7-48DE-AF59-DA090C64EF97}.Debug|Any CPU.Build.0 = Debug|Any CPU
		{DF4D0BAB-47B7-48DE-AF59-DA090C64EF97}.Release|Any CPU.ActiveCfg = Release|Any CPU
		{DF4D0BAB-47B7-48DE-AF59-DA090C64EF97}.Release|Any CPU.Build.0 = Release|Any CPU
		{9D871BAA-836F-47E7-9BFE-645EEFAB6E7A}.Debug|Any CPU.ActiveCfg = Debug|Any CPU
		{9D871BAA-836F-47E7-9BFE-645EEFAB6E7A}.Debug|Any CPU.Build.0 = Debug|Any CPU
		{9D871BAA-836F-47E7-9BFE-645EEFAB6E7A}.Release|Any CPU.ActiveCfg = Release|Any CPU
		{9D871BAA-836F-47E7-9BFE-645EEFAB6E7A}.Release|Any CPU.Build.0 = Release|Any CPU
		{D3316663-C4AE-446D-B045-1DBFAB6522B2}.Debug|Any CPU.ActiveCfg = Debug|Any CPU
		{D3316663-C4AE-446D-B045-1DBFAB6522B2}.Debug|Any CPU.Build.0 = Debug|Any CPU
		{D3316663-C4AE-446D-B045-1DBFAB6522B2}.Release|Any CPU.ActiveCfg = Release|Any CPU
		{D3316663-C4AE-446D-B045-1DBFAB6522B2}.Release|Any CPU.Build.0 = Release|Any CPU
		{3A13AC78-92D2-4142-A232-168F6548F08E}.Debug|Any CPU.ActiveCfg = Debug|Any CPU
		{3A13AC78-92D2-4142-A232-168F6548F08E}.Debug|Any CPU.Build.0 = Debug|Any CPU
		{3A13AC78-92D2-4142-A232-168F6548F08E}.Release|Any CPU.ActiveCfg = Release|Any CPU
		{3A13AC78-92D2-4142-A232-168F6548F08E}.Release|Any CPU.Build.0 = Release|Any CPU
		{B6553966-4B40-475E-8BE1-00C58A899352}.Debug|Any CPU.ActiveCfg = Debug|Any CPU
		{B6553966-4B40-475E-8BE1-00C58A899352}.Debug|Any CPU.Build.0 = Debug|Any CPU
		{B6553966-4B40-475E-8BE1-00C58A899352}.Release|Any CPU.ActiveCfg = Release|Any CPU
		{B6553966-4B40-475E-8BE1-00C58A899352}.Release|Any CPU.Build.0 = Release|Any CPU
		{1ED47B59-7A19-4647-9740-6BF8347B3B2A}.Debug|Any CPU.ActiveCfg = Debug|Any CPU
		{1ED47B59-7A19-4647-9740-6BF8347B3B2A}.Debug|Any CPU.Build.0 = Debug|Any CPU
		{1ED47B59-7A19-4647-9740-6BF8347B3B2A}.Release|Any CPU.ActiveCfg = Release|Any CPU
		{1ED47B59-7A19-4647-9740-6BF8347B3B2A}.Release|Any CPU.Build.0 = Release|Any CPU
		{961C97C9-ADC1-4C5A-83A4-45F1C1478B8F}.Debug|Any CPU.ActiveCfg = Debug|Any CPU
		{961C97C9-ADC1-4C5A-83A4-45F1C1478B8F}.Debug|Any CPU.Build.0 = Debug|Any CPU
		{961C97C9-ADC1-4C5A-83A4-45F1C1478B8F}.Release|Any CPU.ActiveCfg = Release|Any CPU
		{961C97C9-ADC1-4C5A-83A4-45F1C1478B8F}.Release|Any CPU.Build.0 = Release|Any CPU
		{7D106539-6137-44B8-99A5-BA88055172C3}.Debug|Any CPU.ActiveCfg = Debug|Any CPU
		{7D106539-6137-44B8-99A5-BA88055172C3}.Debug|Any CPU.Build.0 = Debug|Any CPU
		{7D106539-6137-44B8-99A5-BA88055172C3}.Release|Any CPU.ActiveCfg = Release|Any CPU
		{7D106539-6137-44B8-99A5-BA88055172C3}.Release|Any CPU.Build.0 = Release|Any CPU
		{502EE411-C10F-45F3-AC9D-BCBA8DAE96A8}.Debug|Any CPU.ActiveCfg = Debug|Any CPU
		{502EE411-C10F-45F3-AC9D-BCBA8DAE96A8}.Debug|Any CPU.Build.0 = Debug|Any CPU
		{502EE411-C10F-45F3-AC9D-BCBA8DAE96A8}.Release|Any CPU.ActiveCfg = Release|Any CPU
		{502EE411-C10F-45F3-AC9D-BCBA8DAE96A8}.Release|Any CPU.Build.0 = Release|Any CPU
		{68F7F034-7FBC-44C1-8E95-59460DBE1DA3}.Debug|Any CPU.ActiveCfg = Debug|Any CPU
		{68F7F034-7FBC-44C1-8E95-59460DBE1DA3}.Debug|Any CPU.Build.0 = Debug|Any CPU
		{68F7F034-7FBC-44C1-8E95-59460DBE1DA3}.Release|Any CPU.ActiveCfg = Release|Any CPU
		{68F7F034-7FBC-44C1-8E95-59460DBE1DA3}.Release|Any CPU.Build.0 = Release|Any CPU
		{63B0EE30-4BD5-4790-B561-A42709BF69FD}.Debug|Any CPU.ActiveCfg = Debug|Any CPU
		{63B0EE30-4BD5-4790-B561-A42709BF69FD}.Debug|Any CPU.Build.0 = Debug|Any CPU
		{63B0EE30-4BD5-4790-B561-A42709BF69FD}.Release|Any CPU.ActiveCfg = Release|Any CPU
		{63B0EE30-4BD5-4790-B561-A42709BF69FD}.Release|Any CPU.Build.0 = Release|Any CPU
		{427F6033-4138-4C4D-94D0-5AA6BF0B14D4}.Debug|Any CPU.ActiveCfg = Debug|Any CPU
		{427F6033-4138-4C4D-94D0-5AA6BF0B14D4}.Debug|Any CPU.Build.0 = Debug|Any CPU
		{427F6033-4138-4C4D-94D0-5AA6BF0B14D4}.Release|Any CPU.ActiveCfg = Release|Any CPU
		{427F6033-4138-4C4D-94D0-5AA6BF0B14D4}.Release|Any CPU.Build.0 = Release|Any CPU
		{5FBB0907-B8D2-4852-8714-51C72027F400}.Debug|Any CPU.ActiveCfg = Debug|Any CPU
		{5FBB0907-B8D2-4852-8714-51C72027F400}.Debug|Any CPU.Build.0 = Debug|Any CPU
		{5FBB0907-B8D2-4852-8714-51C72027F400}.Release|Any CPU.ActiveCfg = Release|Any CPU
		{5FBB0907-B8D2-4852-8714-51C72027F400}.Release|Any CPU.Build.0 = Release|Any CPU
		{9DA7D432-49EC-4F00-857E-D6CE8AD8B04E}.Debug|Any CPU.ActiveCfg = Debug|Any CPU
		{9DA7D432-49EC-4F00-857E-D6CE8AD8B04E}.Debug|Any CPU.Build.0 = Debug|Any CPU
		{9DA7D432-49EC-4F00-857E-D6CE8AD8B04E}.Release|Any CPU.ActiveCfg = Release|Any CPU
		{9DA7D432-49EC-4F00-857E-D6CE8AD8B04E}.Release|Any CPU.Build.0 = Release|Any CPU
		{34E55214-D9AC-4596-9308-2289C5EDF205}.Debug|Any CPU.ActiveCfg = Debug|Any CPU
		{34E55214-D9AC-4596-9308-2289C5EDF205}.Debug|Any CPU.Build.0 = Debug|Any CPU
		{34E55214-D9AC-4596-9308-2289C5EDF205}.Release|Any CPU.ActiveCfg = Release|Any CPU
		{34E55214-D9AC-4596-9308-2289C5EDF205}.Release|Any CPU.Build.0 = Release|Any CPU
		{EDC09F9A-FA5A-4B1E-9306-04F7D7B7737F}.Debug|Any CPU.ActiveCfg = Debug|Any CPU
		{EDC09F9A-FA5A-4B1E-9306-04F7D7B7737F}.Debug|Any CPU.Build.0 = Debug|Any CPU
		{EDC09F9A-FA5A-4B1E-9306-04F7D7B7737F}.Release|Any CPU.ActiveCfg = Release|Any CPU
		{EDC09F9A-FA5A-4B1E-9306-04F7D7B7737F}.Release|Any CPU.Build.0 = Release|Any CPU
		{D56D1816-F480-405F-8B44-E8E3177DFF6C}.Debug|Any CPU.ActiveCfg = Debug|Any CPU
		{D56D1816-F480-405F-8B44-E8E3177DFF6C}.Debug|Any CPU.Build.0 = Debug|Any CPU
		{D56D1816-F480-405F-8B44-E8E3177DFF6C}.Release|Any CPU.ActiveCfg = Release|Any CPU
		{D56D1816-F480-405F-8B44-E8E3177DFF6C}.Release|Any CPU.Build.0 = Release|Any CPU
		{9A050A50-4F55-49E0-98FB-F0093265D07C}.Debug|Any CPU.ActiveCfg = Debug|Any CPU
		{9A050A50-4F55-49E0-98FB-F0093265D07C}.Debug|Any CPU.Build.0 = Debug|Any CPU
		{9A050A50-4F55-49E0-98FB-F0093265D07C}.Release|Any CPU.ActiveCfg = Release|Any CPU
		{9A050A50-4F55-49E0-98FB-F0093265D07C}.Release|Any CPU.Build.0 = Release|Any CPU
		{EF79D8FE-1780-465D-85B5-8DFA51D1C778}.Debug|Any CPU.ActiveCfg = Debug|Any CPU
		{EF79D8FE-1780-465D-85B5-8DFA51D1C778}.Debug|Any CPU.Build.0 = Debug|Any CPU
		{EF79D8FE-1780-465D-85B5-8DFA51D1C778}.Release|Any CPU.ActiveCfg = Release|Any CPU
		{EF79D8FE-1780-465D-85B5-8DFA51D1C778}.Release|Any CPU.Build.0 = Release|Any CPU
		{E3C8CB45-949A-4E56-AD4E-2CA8923F406F}.Debug|Any CPU.ActiveCfg = Debug|Any CPU
		{E3C8CB45-949A-4E56-AD4E-2CA8923F406F}.Debug|Any CPU.Build.0 = Debug|Any CPU
		{E3C8CB45-949A-4E56-AD4E-2CA8923F406F}.Release|Any CPU.ActiveCfg = Release|Any CPU
		{E3C8CB45-949A-4E56-AD4E-2CA8923F406F}.Release|Any CPU.Build.0 = Release|Any CPU
		{FD97C961-7D7D-4844-BAD8-996787F6DE6F}.Debug|Any CPU.ActiveCfg = Debug|Any CPU
		{FD97C961-7D7D-4844-BAD8-996787F6DE6F}.Debug|Any CPU.Build.0 = Debug|Any CPU
		{FD97C961-7D7D-4844-BAD8-996787F6DE6F}.Release|Any CPU.ActiveCfg = Release|Any CPU
		{FD97C961-7D7D-4844-BAD8-996787F6DE6F}.Release|Any CPU.Build.0 = Release|Any CPU
		{C93E103B-C564-45E2-8AB2-A773E10C41EF}.Debug|Any CPU.ActiveCfg = Debug|Any CPU
		{C93E103B-C564-45E2-8AB2-A773E10C41EF}.Debug|Any CPU.Build.0 = Debug|Any CPU
		{C93E103B-C564-45E2-8AB2-A773E10C41EF}.Release|Any CPU.ActiveCfg = Release|Any CPU
		{C93E103B-C564-45E2-8AB2-A773E10C41EF}.Release|Any CPU.Build.0 = Release|Any CPU
		{58601055-467A-40AC-84EA-650671844518}.Debug|Any CPU.ActiveCfg = Debug|Any CPU
		{58601055-467A-40AC-84EA-650671844518}.Debug|Any CPU.Build.0 = Debug|Any CPU
		{58601055-467A-40AC-84EA-650671844518}.Release|Any CPU.ActiveCfg = Release|Any CPU
		{58601055-467A-40AC-84EA-650671844518}.Release|Any CPU.Build.0 = Release|Any CPU
		{5E5F5C5A-0B32-4464-A09C-59E478B4F8FA}.Debug|Any CPU.ActiveCfg = Debug|Any CPU
		{5E5F5C5A-0B32-4464-A09C-59E478B4F8FA}.Debug|Any CPU.Build.0 = Debug|Any CPU
		{5E5F5C5A-0B32-4464-A09C-59E478B4F8FA}.Release|Any CPU.ActiveCfg = Release|Any CPU
		{5E5F5C5A-0B32-4464-A09C-59E478B4F8FA}.Release|Any CPU.Build.0 = Release|Any CPU
	EndGlobalSection
	GlobalSection(SolutionProperties) = preSolution
		HideSolutionNode = FALSE
	EndGlobalSection
	GlobalSection(NestedProjects) = preSolution
		{46FC4C36-FE1B-465D-BAD0-E7E954BD2F84} = {131DB8CA-96DF-4063-B1E7-ACF09188C5DD}
		{AB3D1F36-F7F5-45C6-8686-F5F5962B782B} = {131DB8CA-96DF-4063-B1E7-ACF09188C5DD}
		{DE2736F2-3D89-4B20-BF9B-049DEE71FF9B} = {131DB8CA-96DF-4063-B1E7-ACF09188C5DD}
		{4EBEA55A-BB69-48A6-9F3F-1703D9942A7B} = {131DB8CA-96DF-4063-B1E7-ACF09188C5DD}
		{A88E7ECA-1EC4-4E2F-9E74-CB067C84AF6F} = {131DB8CA-96DF-4063-B1E7-ACF09188C5DD}
		{88893B6D-E6A5-4347-8D36-1F2FD57DA466} = {131DB8CA-96DF-4063-B1E7-ACF09188C5DD}
		{3CA48181-8A4D-47F7-9CBF-C52E996B6493} = {131DB8CA-96DF-4063-B1E7-ACF09188C5DD}
		{78B783FE-A75F-435B-9C34-64D875B74923} = {131DB8CA-96DF-4063-B1E7-ACF09188C5DD}
		{86D265D9-1BB5-465D-8838-64C1C9B7836F} = {AB3D1F36-F7F5-45C6-8686-F5F5962B782B}
		{81BD0C56-3494-4A7D-A13C-6BE12844A9F2} = {AB3D1F36-F7F5-45C6-8686-F5F5962B782B}
		{9E3E7645-60EA-442F-B7B9-812DFB170AE4} = {AB3D1F36-F7F5-45C6-8686-F5F5962B782B}
		{1768DF6A-E58B-4A8C-8D4D-9504C40238CE} = {131DB8CA-96DF-4063-B1E7-ACF09188C5DD}
		{76D55872-530D-45CB-A74E-800C04E9AF4D} = {1768DF6A-E58B-4A8C-8D4D-9504C40238CE}
		{B944796C-2823-430D-8EBF-79BFCE4D1B10} = {1768DF6A-E58B-4A8C-8D4D-9504C40238CE}
		{5034E95F-3781-400E-BA69-76110725B845} = {1768DF6A-E58B-4A8C-8D4D-9504C40238CE}
		{16C351EC-DFB8-4C55-A5B2-49ACB33F9427} = {1768DF6A-E58B-4A8C-8D4D-9504C40238CE}
		{48C9ABEE-BB24-42C9-B5D6-B14D377571CB} = {1768DF6A-E58B-4A8C-8D4D-9504C40238CE}
		{8ED4ABD7-55A1-4AAC-BD0A-A2C070726FB9} = {1768DF6A-E58B-4A8C-8D4D-9504C40238CE}
		{814AB9D3-8225-455F-8B34-B77C43AF91B6} = {AB3D1F36-F7F5-45C6-8686-F5F5962B782B}
		{3B48B1B7-37FF-4337-9F2C-82B4598C0522} = {AB3D1F36-F7F5-45C6-8686-F5F5962B782B}
		{FDE7572B-1D61-4180-958D-38956A6C07A8} = {DE2736F2-3D89-4B20-BF9B-049DEE71FF9B}
		{810D8326-B073-481F-8F8E-CBD0A9D3FCA7} = {DE2736F2-3D89-4B20-BF9B-049DEE71FF9B}
		{F23A4443-FD03-4624-8522-795137D1E762} = {DE2736F2-3D89-4B20-BF9B-049DEE71FF9B}
		{4D763CA5-5F9D-4491-A99E-6D927A1FB29B} = {AB3D1F36-F7F5-45C6-8686-F5F5962B782B}
		{DF4D0BAB-47B7-48DE-AF59-DA090C64EF97} = {88893B6D-E6A5-4347-8D36-1F2FD57DA466}
		{9D871BAA-836F-47E7-9BFE-645EEFAB6E7A} = {78B783FE-A75F-435B-9C34-64D875B74923}
		{D3316663-C4AE-446D-B045-1DBFAB6522B2} = {78B783FE-A75F-435B-9C34-64D875B74923}
		{3A13AC78-92D2-4142-A232-168F6548F08E} = {4EBEA55A-BB69-48A6-9F3F-1703D9942A7B}
		{B6553966-4B40-475E-8BE1-00C58A899352} = {A88E7ECA-1EC4-4E2F-9E74-CB067C84AF6F}
		{1ED47B59-7A19-4647-9740-6BF8347B3B2A} = {88893B6D-E6A5-4347-8D36-1F2FD57DA466}
		{961C97C9-ADC1-4C5A-83A4-45F1C1478B8F} = {46FC4C36-FE1B-465D-BAD0-E7E954BD2F84}
		{7D106539-6137-44B8-99A5-BA88055172C3} = {46FC4C36-FE1B-465D-BAD0-E7E954BD2F84}
		{502EE411-C10F-45F3-AC9D-BCBA8DAE96A8} = {A88E7ECA-1EC4-4E2F-9E74-CB067C84AF6F}
		{68F7F034-7FBC-44C1-8E95-59460DBE1DA3} = {46FC4C36-FE1B-465D-BAD0-E7E954BD2F84}
		{63B0EE30-4BD5-4790-B561-A42709BF69FD} = {88893B6D-E6A5-4347-8D36-1F2FD57DA466}
		{427F6033-4138-4C4D-94D0-5AA6BF0B14D4} = {88893B6D-E6A5-4347-8D36-1F2FD57DA466}
		{5FBB0907-B8D2-4852-8714-51C72027F400} = {88893B6D-E6A5-4347-8D36-1F2FD57DA466}
		{9DA7D432-49EC-4F00-857E-D6CE8AD8B04E} = {88893B6D-E6A5-4347-8D36-1F2FD57DA466}
		{34E55214-D9AC-4596-9308-2289C5EDF205} = {88893B6D-E6A5-4347-8D36-1F2FD57DA466}
		{EDC09F9A-FA5A-4B1E-9306-04F7D7B7737F} = {88893B6D-E6A5-4347-8D36-1F2FD57DA466}
		{D56D1816-F480-405F-8B44-E8E3177DFF6C} = {A88E7ECA-1EC4-4E2F-9E74-CB067C84AF6F}
		{9A050A50-4F55-49E0-98FB-F0093265D07C} = {88893B6D-E6A5-4347-8D36-1F2FD57DA466}
		{EF79D8FE-1780-465D-85B5-8DFA51D1C778} = {4EBEA55A-BB69-48A6-9F3F-1703D9942A7B}
		{E3C8CB45-949A-4E56-AD4E-2CA8923F406F} = {4EBEA55A-BB69-48A6-9F3F-1703D9942A7B}
		{FD97C961-7D7D-4844-BAD8-996787F6DE6F} = {4EBEA55A-BB69-48A6-9F3F-1703D9942A7B}
		{C93E103B-C564-45E2-8AB2-A773E10C41EF} = {4EBEA55A-BB69-48A6-9F3F-1703D9942A7B}
		{58601055-467A-40AC-84EA-650671844518} = {88893B6D-E6A5-4347-8D36-1F2FD57DA466}
		{5E5F5C5A-0B32-4464-A09C-59E478B4F8FA} = {88893B6D-E6A5-4347-8D36-1F2FD57DA466}
	EndGlobalSection
	GlobalSection(ExtensibilityGlobals) = postSolution
		SolutionGuid = {A1E90677-FAAA-4BD1-8798-FCFEE91E8323}
	EndGlobalSection
EndGlobal
